
Microsoft Visual Studio Solution File, Format Version 12.00
# Visual Studio Version 17
VisualStudioVersion = 17.4.33205.214
MinimumVisualStudioVersion = 10.0.40219.1
Project("{9A19103F-16F7-4668-BE54-9A1E7A4F7556}") = "RecursiveLibrary", "RecursiveLibrary\RecursiveLibrary.csproj", "{EF523E1F-D2F9-47AF-9BB6-D28BE64A80DF}"
EndProject
Project("{9A19103F-16F7-4668-BE54-9A1E7A4F7556}") = "RecursiveTest", "RecursiveTest\RecursiveTest.csproj", "{26D5BE17-E5D7-4B9F-8BA6-C41DAAF98C6E}"
EndProject
Project("{FAE04EC0-301F-11D3-BF4B-00C04F79EFBC}") = "RecursiveMauiApp", "RecursiveMauiApp\RecursiveMauiApp.csproj", "{E2B112BE-8CDF-4B27-B103-151555849226}"
EndProject
Global
	GlobalSection(SolutionConfigurationPlatforms) = preSolution
		Debug|Any CPU = Debug|Any CPU
		Release|Any CPU = Release|Any CPU
	EndGlobalSection
	GlobalSection(ProjectConfigurationPlatforms) = postSolution
		{EF523E1F-D2F9-47AF-9BB6-D28BE64A80DF}.Debug|Any CPU.ActiveCfg = Debug|Any CPU
		{EF523E1F-D2F9-47AF-9BB6-D28BE64A80DF}.Debug|Any CPU.Build.0 = Debug|Any CPU
		{EF523E1F-D2F9-47AF-9BB6-D28BE64A80DF}.Release|Any CPU.ActiveCfg = Release|Any CPU
		{EF523E1F-D2F9-47AF-9BB6-D28BE64A80DF}.Release|Any CPU.Build.0 = Release|Any CPU
		{26D5BE17-E5D7-4B9F-8BA6-C41DAAF98C6E}.Debug|Any CPU.ActiveCfg = Debug|Any CPU
		{26D5BE17-E5D7-4B9F-8BA6-C41DAAF98C6E}.Debug|Any CPU.Build.0 = Debug|Any CPU
		{26D5BE17-E5D7-4B9F-8BA6-C41DAAF98C6E}.Release|Any CPU.ActiveCfg = Release|Any CPU
		{26D5BE17-E5D7-4B9F-8BA6-C41DAAF98C6E}.Release|Any CPU.Build.0 = Release|Any CPU
		{E2B112BE-8CDF-4B27-B103-151555849226}.Debug|Any CPU.ActiveCfg = Debug|Any CPU
		{E2B112BE-8CDF-4B27-B103-151555849226}.Debug|Any CPU.Build.0 = Debug|Any CPU
		{E2B112BE-8CDF-4B27-B103-151555849226}.Debug|Any CPU.Deploy.0 = Debug|Any CPU
		{E2B112BE-8CDF-4B27-B103-151555849226}.Release|Any CPU.ActiveCfg = Release|Any CPU
		{E2B112BE-8CDF-4B27-B103-151555849226}.Release|Any CPU.Build.0 = Release|Any CPU
		{E2B112BE-8CDF-4B27-B103-151555849226}.Release|Any CPU.Deploy.0 = Release|Any CPU
	EndGlobalSection
	GlobalSection(SolutionProperties) = preSolution
		HideSolutionNode = FALSE
	EndGlobalSection
	GlobalSection(ExtensibilityGlobals) = postSolution
		SolutionGuid = {26A664EA-A499-488A-B32E-644344260DA1}
	EndGlobalSection
EndGlobal
